
Microsoft Visual Studio Solution File, Format Version 12.00
# Visual Studio Version 17
VisualStudioVersion = 17.7.34202.233
MinimumVisualStudioVersion = 10.0.40219.1
Project("{9A19103F-16F7-4668-BE54-9A1E7A4F7556}") = "CarMarket", "CarMarket\CarMarket.csproj", "{D925ED63-E5B0-4332-92CD-F17E55C396B8}"
EndProject
Project("{9A19103F-16F7-4668-BE54-9A1E7A4F7556}") = "CarMarket.BL", "CarMarket.BL\CarMarket.BL.csproj", "{2D93BFC1-EE88-4F14-8D87-56CB9328CBE2}"
EndProject
Project("{9A19103F-16F7-4668-BE54-9A1E7A4F7556}") = "CarMarket.DL", "CarMarket.DL\CarMarket.DL.csproj", "{BF48208A-06EC-4A74-8876-63BC267A1707}"
EndProject
Project("{9A19103F-16F7-4668-BE54-9A1E7A4F7556}") = "CarMarket.Models", "CarMarket.Models\CarMarket.Models.csproj", "{6D7CCAF9-DAA7-42DF-AFD6-9158274CE24C}"
EndProject
Project("{9A19103F-16F7-4668-BE54-9A1E7A4F7556}") = "CarMarket.Test", "CarMarket.Test\CarMarket.Test.csproj", "{A1B0DFDA-E1A8-4474-8B0A-61B4044AF540}"
EndProject
Global
	GlobalSection(SolutionConfigurationPlatforms) = preSolution
		Debug|Any CPU = Debug|Any CPU
		Release|Any CPU = Release|Any CPU
	EndGlobalSection
	GlobalSection(ProjectConfigurationPlatforms) = postSolution
		{D925ED63-E5B0-4332-92CD-F17E55C396B8}.Debug|Any CPU.ActiveCfg = Debug|Any CPU
		{D925ED63-E5B0-4332-92CD-F17E55C396B8}.Debug|Any CPU.Build.0 = Debug|Any CPU
		{D925ED63-E5B0-4332-92CD-F17E55C396B8}.Release|Any CPU.ActiveCfg = Release|Any CPU
		{D925ED63-E5B0-4332-92CD-F17E55C396B8}.Release|Any CPU.Build.0 = Release|Any CPU
		{2D93BFC1-EE88-4F14-8D87-56CB9328CBE2}.Debug|Any CPU.ActiveCfg = Debug|Any CPU
		{2D93BFC1-EE88-4F14-8D87-56CB9328CBE2}.Debug|Any CPU.Build.0 = Debug|Any CPU
		{2D93BFC1-EE88-4F14-8D87-56CB9328CBE2}.Release|Any CPU.ActiveCfg = Release|Any CPU
		{2D93BFC1-EE88-4F14-8D87-56CB9328CBE2}.Release|Any CPU.Build.0 = Release|Any CPU
		{BF48208A-06EC-4A74-8876-63BC267A1707}.Debug|Any CPU.ActiveCfg = Debug|Any CPU
		{BF48208A-06EC-4A74-8876-63BC267A1707}.Debug|Any CPU.Build.0 = Debug|Any CPU
		{BF48208A-06EC-4A74-8876-63BC267A1707}.Release|Any CPU.ActiveCfg = Release|Any CPU
		{BF48208A-06EC-4A74-8876-63BC267A1707}.Release|Any CPU.Build.0 = Release|Any CPU
		{6D7CCAF9-DAA7-42DF-AFD6-9158274CE24C}.Debug|Any CPU.ActiveCfg = Debug|Any CPU
		{6D7CCAF9-DAA7-42DF-AFD6-9158274CE24C}.Debug|Any CPU.Build.0 = Debug|Any CPU
		{6D7CCAF9-DAA7-42DF-AFD6-9158274CE24C}.Release|Any CPU.ActiveCfg = Release|Any CPU
		{6D7CCAF9-DAA7-42DF-AFD6-9158274CE24C}.Release|Any CPU.Build.0 = Release|Any CPU
		{A1B0DFDA-E1A8-4474-8B0A-61B4044AF540}.Debug|Any CPU.ActiveCfg = Debug|Any CPU
		{A1B0DFDA-E1A8-4474-8B0A-61B4044AF540}.Debug|Any CPU.Build.0 = Debug|Any CPU
		{A1B0DFDA-E1A8-4474-8B0A-61B4044AF540}.Release|Any CPU.ActiveCfg = Release|Any CPU
		{A1B0DFDA-E1A8-4474-8B0A-61B4044AF540}.Release|Any CPU.Build.0 = Release|Any CPU
	EndGlobalSection
	GlobalSection(SolutionProperties) = preSolution
		HideSolutionNode = FALSE
	EndGlobalSection
	GlobalSection(ExtensibilityGlobals) = postSolution
		SolutionGuid = {0DCF227B-16BB-4537-90D3-701522A15D76}
	EndGlobalSection
EndGlobal
